
Microsoft Visual Studio Solution File, Format Version 12.00
# Visual Studio Version 17
VisualStudioVersion = 17.0.31903.59
MinimumVisualStudioVersion = 10.0.40219.1
Project("{2150E333-8FDC-42A3-9474-1A3956D46DE8}") = "src", "src", "{827E0CD3-B72D-47B6-A68D-7590B98EB39B}"
EndProject
Project("{FAE04EC0-301F-11D3-BF4B-00C04F79EFBC}") = "IAS.Domain", "src\IAS.Domain\IAS.Domain.csproj", "{20CF43DE-9C2D-421B-8520-283EEBDD3953}"
EndProject
Project("{FAE04EC0-301F-11D3-BF4B-00C04F79EFBC}") = "IAS.Application", "src\IAS.Application\IAS.Application.csproj", "{FAD5B564-BDE4-4214-B5C0-8BFA8873EED6}"
EndProject
Project("{FAE04EC0-301F-11D3-BF4B-00C04F79EFBC}") = "IAS.Infrastructure", "src\IAS.Infrastructure\IAS.Infrastructure.csproj", "{8F7585B0-B750-415A-A834-647E9E284D24}"
EndProject
Project("{FAE04EC0-301F-11D3-BF4B-00C04F79EFBC}") = "IAS.Api", "src\IAS.Api\IAS.Api.csproj", "{77F5C514-A94A-487A-A318-601F75D1505D}"
EndProject
Project("{2150E333-8FDC-42A3-9474-1A3956D46DE8}") = "tests", "tests", "{0AB3BF05-4346-4AA6-1389-037BE0695223}"
EndProject
Project("{FAE04EC0-301F-11D3-BF4B-00C04F79EFBC}") = "IAS.Application.Tests", "tests\IAS.Application.Tests\IAS.Application.Tests.csproj", "{DC7AEAC2-0074-4800-B40D-5FE0837B3A1B}"
EndProject
Project("{FAE04EC0-301F-11D3-BF4B-00C04F79EFBC}") = "IAS.Api.IntegrationTests", "tests\IAS.Api.IntegrationTests\IAS.Api.IntegrationTests.csproj", "{BB1E5F4B-E1EE-4F19-AC8A-C92706E0A718}"
EndProject
Project("{FAE04EC0-301F-11D3-BF4B-00C04F79EFBC}") = "IAS.Domain.Tests", "tests\IAS.Domain.Tests\IAS.Domain.Tests.csproj", "{0AE03795-2365-498C-A2B2-AC3EAFAA526F}"
EndProject
Global
	GlobalSection(SolutionConfigurationPlatforms) = preSolution
		Debug|Any CPU = Debug|Any CPU
		Debug|x64 = Debug|x64
		Debug|x86 = Debug|x86
		Release|Any CPU = Release|Any CPU
		Release|x64 = Release|x64
		Release|x86 = Release|x86
	EndGlobalSection
	GlobalSection(ProjectConfigurationPlatforms) = postSolution
		{20CF43DE-9C2D-421B-8520-283EEBDD3953}.Debug|Any CPU.ActiveCfg = Debug|Any CPU
		{20CF43DE-9C2D-421B-8520-283EEBDD3953}.Debug|Any CPU.Build.0 = Debug|Any CPU
		{20CF43DE-9C2D-421B-8520-283EEBDD3953}.Debug|x64.ActiveCfg = Debug|Any CPU
		{20CF43DE-9C2D-421B-8520-283EEBDD3953}.Debug|x64.Build.0 = Debug|Any CPU
		{20CF43DE-9C2D-421B-8520-283EEBDD3953}.Debug|x86.ActiveCfg = Debug|Any CPU
		{20CF43DE-9C2D-421B-8520-283EEBDD3953}.Debug|x86.Build.0 = Debug|Any CPU
		{20CF43DE-9C2D-421B-8520-283EEBDD3953}.Release|Any CPU.ActiveCfg = Release|Any CPU
		{20CF43DE-9C2D-421B-8520-283EEBDD3953}.Release|Any CPU.Build.0 = Release|Any CPU
		{20CF43DE-9C2D-421B-8520-283EEBDD3953}.Release|x64.ActiveCfg = Release|Any CPU
		{20CF43DE-9C2D-421B-8520-283EEBDD3953}.Release|x64.Build.0 = Release|Any CPU
		{20CF43DE-9C2D-421B-8520-283EEBDD3953}.Release|x86.ActiveCfg = Release|Any CPU
		{20CF43DE-9C2D-421B-8520-283EEBDD3953}.Release|x86.Build.0 = Release|Any CPU
		{FAD5B564-BDE4-4214-B5C0-8BFA8873EED6}.Debug|Any CPU.ActiveCfg = Debug|Any CPU
		{FAD5B564-BDE4-4214-B5C0-8BFA8873EED6}.Debug|Any CPU.Build.0 = Debug|Any CPU
		{FAD5B564-BDE4-4214-B5C0-8BFA8873EED6}.Debug|x64.ActiveCfg = Debug|Any CPU
		{FAD5B564-BDE4-4214-B5C0-8BFA8873EED6}.Debug|x64.Build.0 = Debug|Any CPU
		{FAD5B564-BDE4-4214-B5C0-8BFA8873EED6}.Debug|x86.ActiveCfg = Debug|Any CPU
		{FAD5B564-BDE4-4214-B5C0-8BFA8873EED6}.Debug|x86.Build.0 = Debug|Any CPU
		{FAD5B564-BDE4-4214-B5C0-8BFA8873EED6}.Release|Any CPU.ActiveCfg = Release|Any CPU
		{FAD5B564-BDE4-4214-B5C0-8BFA8873EED6}.Release|Any CPU.Build.0 = Release|Any CPU
		{FAD5B564-BDE4-4214-B5C0-8BFA8873EED6}.Release|x64.ActiveCfg = Release|Any CPU
		{FAD5B564-BDE4-4214-B5C0-8BFA8873EED6}.Release|x64.Build.0 = Release|Any CPU
		{FAD5B564-BDE4-4214-B5C0-8BFA8873EED6}.Release|x86.ActiveCfg = Release|Any CPU
		{FAD5B564-BDE4-4214-B5C0-8BFA8873EED6}.Release|x86.Build.0 = Release|Any CPU
		{8F7585B0-B750-415A-A834-647E9E284D24}.Debug|Any CPU.ActiveCfg = Debug|Any CPU
		{8F7585B0-B750-415A-A834-647E9E284D24}.Debug|Any CPU.Build.0 = Debug|Any CPU
		{8F7585B0-B750-415A-A834-647E9E284D24}.Debug|x64.ActiveCfg = Debug|Any CPU
		{8F7585B0-B750-415A-A834-647E9E284D24}.Debug|x64.Build.0 = Debug|Any CPU
		{8F7585B0-B750-415A-A834-647E9E284D24}.Debug|x86.ActiveCfg = Debug|Any CPU
		{8F7585B0-B750-415A-A834-647E9E284D24}.Debug|x86.Build.0 = Debug|Any CPU
		{8F7585B0-B750-415A-A834-647E9E284D24}.Release|Any CPU.ActiveCfg = Release|Any CPU
		{8F7585B0-B750-415A-A834-647E9E284D24}.Release|Any CPU.Build.0 = Release|Any CPU
		{8F7585B0-B750-415A-A834-647E9E284D24}.Release|x64.ActiveCfg = Release|Any CPU
		{8F7585B0-B750-415A-A834-647E9E284D24}.Release|x64.Build.0 = Release|Any CPU
		{8F7585B0-B750-415A-A834-647E9E284D24}.Release|x86.ActiveCfg = Release|Any CPU
		{8F7585B0-B750-415A-A834-647E9E284D24}.Release|x86.Build.0 = Release|Any CPU
		{77F5C514-A94A-487A-A318-601F75D1505D}.Debug|Any CPU.ActiveCfg = Debug|Any CPU
		{77F5C514-A94A-487A-A318-601F75D1505D}.Debug|Any CPU.Build.0 = Debug|Any CPU
		{77F5C514-A94A-487A-A318-601F75D1505D}.Debug|x64.ActiveCfg = Debug|Any CPU
		{77F5C514-A94A-487A-A318-601F75D1505D}.Debug|x64.Build.0 = Debug|Any CPU
		{77F5C514-A94A-487A-A318-601F75D1505D}.Debug|x86.ActiveCfg = Debug|Any CPU
		{77F5C514-A94A-487A-A318-601F75D1505D}.Debug|x86.Build.0 = Debug|Any CPU
		{77F5C514-A94A-487A-A318-601F75D1505D}.Release|Any CPU.ActiveCfg = Release|Any CPU
		{77F5C514-A94A-487A-A318-601F75D1505D}.Release|Any CPU.Build.0 = Release|Any CPU
		{77F5C514-A94A-487A-A318-601F75D1505D}.Release|x64.ActiveCfg = Release|Any CPU
		{77F5C514-A94A-487A-A318-601F75D1505D}.Release|x64.Build.0 = Release|Any CPU
		{77F5C514-A94A-487A-A318-601F75D1505D}.Release|x86.ActiveCfg = Release|Any CPU
		{77F5C514-A94A-487A-A318-601F75D1505D}.Release|x86.Build.0 = Release|Any CPU
		{DC7AEAC2-0074-4800-B40D-5FE0837B3A1B}.Debug|Any CPU.ActiveCfg = Debug|Any CPU
		{DC7AEAC2-0074-4800-B40D-5FE0837B3A1B}.Debug|Any CPU.Build.0 = Debug|Any CPU
		{DC7AEAC2-0074-4800-B40D-5FE0837B3A1B}.Debug|x64.ActiveCfg = Debug|Any CPU
		{DC7AEAC2-0074-4800-B40D-5FE0837B3A1B}.Debug|x64.Build.0 = Debug|Any CPU
		{DC7AEAC2-0074-4800-B40D-5FE0837B3A1B}.Debug|x86.ActiveCfg = Debug|Any CPU
		{DC7AEAC2-0074-4800-B40D-5FE0837B3A1B}.Debug|x86.Build.0 = Debug|Any CPU
		{DC7AEAC2-0074-4800-B40D-5FE0837B3A1B}.Release|Any CPU.ActiveCfg = Release|Any CPU
		{DC7AEAC2-0074-4800-B40D-5FE0837B3A1B}.Release|Any CPU.Build.0 = Release|Any CPU
		{DC7AEAC2-0074-4800-B40D-5FE0837B3A1B}.Release|x64.ActiveCfg = Release|Any CPU
		{DC7AEAC2-0074-4800-B40D-5FE0837B3A1B}.Release|x64.Build.0 = Release|Any CPU
		{DC7AEAC2-0074-4800-B40D-5FE0837B3A1B}.Release|x86.ActiveCfg = Release|Any CPU
		{DC7AEAC2-0074-4800-B40D-5FE0837B3A1B}.Release|x86.Build.0 = Release|Any CPU
		{BB1E5F4B-E1EE-4F19-AC8A-C92706E0A718}.Debug|Any CPU.ActiveCfg = Debug|Any CPU
		{BB1E5F4B-E1EE-4F19-AC8A-C92706E0A718}.Debug|Any CPU.Build.0 = Debug|Any CPU
		{BB1E5F4B-E1EE-4F19-AC8A-C92706E0A718}.Debug|x64.ActiveCfg = Debug|Any CPU
		{BB1E5F4B-E1EE-4F19-AC8A-C92706E0A718}.Debug|x64.Build.0 = Debug|Any CPU
		{BB1E5F4B-E1EE-4F19-AC8A-C92706E0A718}.Debug|x86.ActiveCfg = Debug|Any CPU
		{BB1E5F4B-E1EE-4F19-AC8A-C92706E0A718}.Debug|x86.Build.0 = Debug|Any CPU
		{BB1E5F4B-E1EE-4F19-AC8A-C92706E0A718}.Release|Any CPU.ActiveCfg = Release|Any CPU
		{BB1E5F4B-E1EE-4F19-AC8A-C92706E0A718}.Release|Any CPU.Build.0 = Release|Any CPU
		{BB1E5F4B-E1EE-4F19-AC8A-C92706E0A718}.Release|x64.ActiveCfg = Release|Any CPU
		{BB1E5F4B-E1EE-4F19-AC8A-C92706E0A718}.Release|x64.Build.0 = Release|Any CPU
		{BB1E5F4B-E1EE-4F19-AC8A-C92706E0A718}.Release|x86.ActiveCfg = Release|Any CPU
		{BB1E5F4B-E1EE-4F19-AC8A-C92706E0A718}.Release|x86.Build.0 = Release|Any CPU
		{0AE03795-2365-498C-A2B2-AC3EAFAA526F}.Debug|Any CPU.ActiveCfg = Debug|Any CPU
		{0AE03795-2365-498C-A2B2-AC3EAFAA526F}.Debug|Any CPU.Build.0 = Debug|Any CPU
		{0AE03795-2365-498C-A2B2-AC3EAFAA526F}.Debug|x64.ActiveCfg = Debug|Any CPU
		{0AE03795-2365-498C-A2B2-AC3EAFAA526F}.Debug|x64.Build.0 = Debug|Any CPU
		{0AE03795-2365-498C-A2B2-AC3EAFAA526F}.Debug|x86.ActiveCfg = Debug|Any CPU
		{0AE03795-2365-498C-A2B2-AC3EAFAA526F}.Debug|x86.Build.0 = Debug|Any CPU
		{0AE03795-2365-498C-A2B2-AC3EAFAA526F}.Release|Any CPU.ActiveCfg = Release|Any CPU
		{0AE03795-2365-498C-A2B2-AC3EAFAA526F}.Release|Any CPU.Build.0 = Release|Any CPU
		{0AE03795-2365-498C-A2B2-AC3EAFAA526F}.Release|x64.ActiveCfg = Release|Any CPU
		{0AE03795-2365-498C-A2B2-AC3EAFAA526F}.Release|x64.Build.0 = Release|Any CPU
		{0AE03795-2365-498C-A2B2-AC3EAFAA526F}.Release|x86.ActiveCfg = Release|Any CPU
		{0AE03795-2365-498C-A2B2-AC3EAFAA526F}.Release|x86.Build.0 = Release|Any CPU
	EndGlobalSection
	GlobalSection(SolutionProperties) = preSolution
		HideSolutionNode = FALSE
	EndGlobalSection
	GlobalSection(NestedProjects) = preSolution
		{20CF43DE-9C2D-421B-8520-283EEBDD3953} = {827E0CD3-B72D-47B6-A68D-7590B98EB39B}
		{FAD5B564-BDE4-4214-B5C0-8BFA8873EED6} = {827E0CD3-B72D-47B6-A68D-7590B98EB39B}
		{8F7585B0-B750-415A-A834-647E9E284D24} = {827E0CD3-B72D-47B6-A68D-7590B98EB39B}
		{77F5C514-A94A-487A-A318-601F75D1505D} = {827E0CD3-B72D-47B6-A68D-7590B98EB39B}
		{DC7AEAC2-0074-4800-B40D-5FE0837B3A1B} = {0AB3BF05-4346-4AA6-1389-037BE0695223}
		{BB1E5F4B-E1EE-4F19-AC8A-C92706E0A718} = {0AB3BF05-4346-4AA6-1389-037BE0695223}
		{0AE03795-2365-498C-A2B2-AC3EAFAA526F} = {0AB3BF05-4346-4AA6-1389-037BE0695223}
	EndGlobalSection
EndGlobal
